// !$*UTF8*$!
{
	archiveVersion = 1;
	classes = {
	};
	objectVersion = 55;
	objects = {

/* Begin PBXBuildFile section */
		1FB0ACD9A528BBE6173D4A08 /* amplifyconfiguration.json in Resources */ = {isa = PBXBuildFile; fileRef = 3E264E604DE3569288D07E27 /* amplifyconfiguration.json */; };
		2C70B99C94DB1B0E13DAEBAC /* awsconfiguration.json in Resources */ = {isa = PBXBuildFile; fileRef = 28B86FB80B37E150D217FB30 /* awsconfiguration.json */; };
		F92AEC0328A80D7C00971F54 /* AWSCognitoAuthPlugin in Frameworks */ = {isa = PBXBuildFile; productRef = F92AEC0228A80D7C00971F54 /* AWSCognitoAuthPlugin */; };
		F92AEC0528A80D7C00971F54 /* AWSS3StoragePlugin in Frameworks */ = {isa = PBXBuildFile; productRef = F92AEC0428A80D7C00971F54 /* AWSS3StoragePlugin */; };
		F92AEC0728A80D7C00971F54 /* Amplify in Frameworks */ = {isa = PBXBuildFile; productRef = F92AEC0628A80D7C00971F54 /* Amplify */; };
		F950CF192894310B00B73A65 /* something_borrowedApp.swift in Sources */ = {isa = PBXBuildFile; fileRef = F950CF182894310B00B73A65 /* something_borrowedApp.swift */; };
		F950CF1B2894310B00B73A65 /* ContentView.swift in Sources */ = {isa = PBXBuildFile; fileRef = F950CF1A2894310B00B73A65 /* ContentView.swift */; };
		F950CF1D2894310F00B73A65 /* Assets.xcassets in Resources */ = {isa = PBXBuildFile; fileRef = F950CF1C2894310F00B73A65 /* Assets.xcassets */; };
		F950CF202894310F00B73A65 /* Preview Assets.xcassets in Resources */ = {isa = PBXBuildFile; fileRef = F950CF1F2894310F00B73A65 /* Preview Assets.xcassets */; };
		F950CF282894608400B73A65 /* WelcomeView.swift in Sources */ = {isa = PBXBuildFile; fileRef = F950CF272894608400B73A65 /* WelcomeView.swift */; };
		F953C67E289B681B0004F723 /* ShoppingBagView.swift in Sources */ = {isa = PBXBuildFile; fileRef = F953C67D289B681B0004F723 /* ShoppingBagView.swift */; };
		F95CFA57289B74DC002AB219 /* ImageManager.swift in Sources */ = {isa = PBXBuildFile; fileRef = F95CFA56289B74DC002AB219 /* ImageManager.swift */; };
		F99CEDA7289C55FF007A8543 /* GarmentManager.swift in Sources */ = {isa = PBXBuildFile; fileRef = F99CEDA6289C55FF007A8543 /* GarmentManager.swift */; };
		F9C22C1C289634C900DFB3FC /* ToolbarView.swift in Sources */ = {isa = PBXBuildFile; fileRef = F9C22C1B289634C900DFB3FC /* ToolbarView.swift */; };
		F9C8BE44289A0F650006B4E1 /* BrowseView.swift in Sources */ = {isa = PBXBuildFile; fileRef = F9C8BE43289A0F650006B4E1 /* BrowseView.swift */; };
		F9C8BE46289A17570006B4E1 /* NewGarmentView.swift in Sources */ = {isa = PBXBuildFile; fileRef = F9C8BE45289A17570006B4E1 /* NewGarmentView.swift */; };
		F9C8BE48289A18280006B4E1 /* Garment.swift in Sources */ = {isa = PBXBuildFile; fileRef = F9C8BE47289A18280006B4E1 /* Garment.swift */; };
/* End PBXBuildFile section */

/* Begin PBXFileReference section */
		28B86FB80B37E150D217FB30 /* awsconfiguration.json */ = {isa = PBXFileReference; explicitFileType = text.json; path = awsconfiguration.json; sourceTree = "<group>"; };
		3E264E604DE3569288D07E27 /* amplifyconfiguration.json */ = {isa = PBXFileReference; explicitFileType = text.json; path = amplifyconfiguration.json; sourceTree = "<group>"; };
		F950CF152894310B00B73A65 /* something-borrowed.app */ = {isa = PBXFileReference; explicitFileType = wrapper.application; includeInIndex = 0; path = "something-borrowed.app"; sourceTree = BUILT_PRODUCTS_DIR; };
		F950CF182894310B00B73A65 /* something_borrowedApp.swift */ = {isa = PBXFileReference; lastKnownFileType = sourcecode.swift; path = something_borrowedApp.swift; sourceTree = "<group>"; };
		F950CF1A2894310B00B73A65 /* ContentView.swift */ = {isa = PBXFileReference; lastKnownFileType = sourcecode.swift; path = ContentView.swift; sourceTree = "<group>"; };
		F950CF1C2894310F00B73A65 /* Assets.xcassets */ = {isa = PBXFileReference; lastKnownFileType = folder.assetcatalog; path = Assets.xcassets; sourceTree = "<group>"; };
		F950CF1F2894310F00B73A65 /* Preview Assets.xcassets */ = {isa = PBXFileReference; lastKnownFileType = folder.assetcatalog; path = "Preview Assets.xcassets"; sourceTree = "<group>"; };
		F950CF272894608400B73A65 /* WelcomeView.swift */ = {isa = PBXFileReference; lastKnownFileType = sourcecode.swift; path = WelcomeView.swift; sourceTree = "<group>"; };
		F953C67D289B681B0004F723 /* ShoppingBagView.swift */ = {isa = PBXFileReference; lastKnownFileType = sourcecode.swift; path = ShoppingBagView.swift; sourceTree = "<group>"; };
		F95CFA56289B74DC002AB219 /* ImageManager.swift */ = {isa = PBXFileReference; lastKnownFileType = sourcecode.swift; path = ImageManager.swift; sourceTree = "<group>"; };
		F99CEDA6289C55FF007A8543 /* GarmentManager.swift */ = {isa = PBXFileReference; lastKnownFileType = sourcecode.swift; path = GarmentManager.swift; sourceTree = "<group>"; };
		F9C22C1B289634C900DFB3FC /* ToolbarView.swift */ = {isa = PBXFileReference; lastKnownFileType = sourcecode.swift; path = ToolbarView.swift; sourceTree = "<group>"; };
		F9C8BE43289A0F650006B4E1 /* BrowseView.swift */ = {isa = PBXFileReference; lastKnownFileType = sourcecode.swift; path = BrowseView.swift; sourceTree = "<group>"; };
		F9C8BE45289A17570006B4E1 /* NewGarmentView.swift */ = {isa = PBXFileReference; lastKnownFileType = sourcecode.swift; path = NewGarmentView.swift; sourceTree = "<group>"; };
		F9C8BE47289A18280006B4E1 /* Garment.swift */ = {isa = PBXFileReference; lastKnownFileType = sourcecode.swift; path = Garment.swift; sourceTree = "<group>"; };
/* End PBXFileReference section */

/* Begin PBXFrameworksBuildPhase section */
		F950CF122894310B00B73A65 /* Frameworks */ = {
			isa = PBXFrameworksBuildPhase;
			buildActionMask = 2147483647;
			files = (
				F92AEC0728A80D7C00971F54 /* Amplify in Frameworks */,
				F92AEC0328A80D7C00971F54 /* AWSCognitoAuthPlugin in Frameworks */,
				F92AEC0528A80D7C00971F54 /* AWSS3StoragePlugin in Frameworks */,
			);
			runOnlyForDeploymentPostprocessing = 0;
		};
/* End PBXFrameworksBuildPhase section */

/* Begin PBXGroup section */
		3D5D04A47166D33DE9C5D2DF /* AmplifyConfig */ = {
			isa = PBXGroup;
			children = (
				28B86FB80B37E150D217FB30 /* awsconfiguration.json */,
				3E264E604DE3569288D07E27 /* amplifyconfiguration.json */,
			);
			name = AmplifyConfig;
			sourceTree = "<group>";
		};
		F950CF0C2894310B00B73A65 = {
			isa = PBXGroup;
			children = (
				F950CF172894310B00B73A65 /* something-borrowed */,
				F950CF162894310B00B73A65 /* Products */,
				3D5D04A47166D33DE9C5D2DF /* AmplifyConfig */,
			);
			sourceTree = "<group>";
		};
		F950CF162894310B00B73A65 /* Products */ = {
			isa = PBXGroup;
			children = (
				F950CF152894310B00B73A65 /* something-borrowed.app */,
			);
			name = Products;
			sourceTree = "<group>";
		};
		F950CF172894310B00B73A65 /* something-borrowed */ = {
			isa = PBXGroup;
			children = (
				F95CFA55289B6CC3002AB219 /* Managers */,
				F95CFA54289B6CB5002AB219 /* Components */,
				F950CF182894310B00B73A65 /* something_borrowedApp.swift */,
				F950CF1C2894310F00B73A65 /* Assets.xcassets */,
				F950CF262894600400B73A65 /* Views */,
				F950CF1E2894310F00B73A65 /* Preview Content */,
			);
			path = "something-borrowed";
			sourceTree = "<group>";
		};
		F950CF1E2894310F00B73A65 /* Preview Content */ = {
			isa = PBXGroup;
			children = (
				F950CF1F2894310F00B73A65 /* Preview Assets.xcassets */,
			);
			path = "Preview Content";
			sourceTree = "<group>";
		};
		F950CF262894600400B73A65 /* Views */ = {
			isa = PBXGroup;
			children = (
				F950CF1A2894310B00B73A65 /* ContentView.swift */,
				F9C8BE43289A0F650006B4E1 /* BrowseView.swift */,
				F9C8BE45289A17570006B4E1 /* NewGarmentView.swift */,
				F953C67D289B681B0004F723 /* ShoppingBagView.swift */,
				F96372E128A54253003F1006 /* HomePage */,
			);
			path = Views;
			sourceTree = "<group>";
		};
		F95CFA54289B6CB5002AB219 /* Components */ = {
			isa = PBXGroup;
			children = (
				F9C8BE47289A18280006B4E1 /* Garment.swift */,
			);
			path = Components;
			sourceTree = "<group>";
		};
		F95CFA55289B6CC3002AB219 /* Managers */ = {
			isa = PBXGroup;
			children = (
				F99CEDA6289C55FF007A8543 /* GarmentManager.swift */,
				F95CFA56289B74DC002AB219 /* ImageManager.swift */,
			);
			path = Managers;
			sourceTree = "<group>";
		};
		F96372E128A54253003F1006 /* HomePage */ = {
			isa = PBXGroup;
			children = (
				F950CF272894608400B73A65 /* WelcomeView.swift */,
				F9C22C1B289634C900DFB3FC /* ToolbarView.swift */,
			);
			path = HomePage;
			sourceTree = "<group>";
		};
/* End PBXGroup section */

/* Begin PBXNativeTarget section */
		F950CF142894310B00B73A65 /* something-borrowed */ = {
			isa = PBXNativeTarget;
			buildConfigurationList = F950CF232894310F00B73A65 /* Build configuration list for PBXNativeTarget "something-borrowed" */;
			buildPhases = (
				F950CF112894310B00B73A65 /* Sources */,
				F950CF122894310B00B73A65 /* Frameworks */,
				F950CF132894310B00B73A65 /* Resources */,
			);
			buildRules = (
			);
			dependencies = (
			);
			name = "something-borrowed";
			packageProductDependencies = (
				F92AEC0228A80D7C00971F54 /* AWSCognitoAuthPlugin */,
				F92AEC0428A80D7C00971F54 /* AWSS3StoragePlugin */,
				F92AEC0628A80D7C00971F54 /* Amplify */,
			);
			productName = "something-borrowed";
			productReference = F950CF152894310B00B73A65 /* something-borrowed.app */;
			productType = "com.apple.product-type.application";
		};
/* End PBXNativeTarget section */

/* Begin PBXProject section */
		F950CF0D2894310B00B73A65 /* Project object */ = {
			isa = PBXProject;
			attributes = {
				BuildIndependentTargetsInParallel = 1;
				LastSwiftUpdateCheck = 1340;
				LastUpgradeCheck = 1340;
				TargetAttributes = {
					F950CF142894310B00B73A65 = {
						CreatedOnToolsVersion = 13.4.1;
					};
				};
			};
			buildConfigurationList = F950CF102894310B00B73A65 /* Build configuration list for PBXProject "something-borrowed" */;
			compatibilityVersion = "Xcode 13.0";
			developmentRegion = en;
			hasScannedForEncodings = 0;
			knownRegions = (
				en,
				Base,
			);
			mainGroup = F950CF0C2894310B00B73A65;
			packageReferences = (
				F92AEC0128A80D7C00971F54 /* XCRemoteSwiftPackageReference "amplify-ios" */,
			);
			productRefGroup = F950CF162894310B00B73A65 /* Products */;
			projectDirPath = "";
			projectRoot = "";
			targets = (
				F950CF142894310B00B73A65 /* something-borrowed */,
			);
		};
/* End PBXProject section */

/* Begin PBXResourcesBuildPhase section */
		F950CF132894310B00B73A65 /* Resources */ = {
			isa = PBXResourcesBuildPhase;
			buildActionMask = 2147483647;
			files = (
				F950CF202894310F00B73A65 /* Preview Assets.xcassets in Resources */,
				F950CF1D2894310F00B73A65 /* Assets.xcassets in Resources */,
				2C70B99C94DB1B0E13DAEBAC /* awsconfiguration.json in Resources */,
				1FB0ACD9A528BBE6173D4A08 /* amplifyconfiguration.json in Resources */,
			);
			runOnlyForDeploymentPostprocessing = 0;
		};
/* End PBXResourcesBuildPhase section */

/* Begin PBXSourcesBuildPhase section */
		F950CF112894310B00B73A65 /* Sources */ = {
			isa = PBXSourcesBuildPhase;
			buildActionMask = 2147483647;
			files = (
				F950CF1B2894310B00B73A65 /* ContentView.swift in Sources */,
				F950CF282894608400B73A65 /* WelcomeView.swift in Sources */,
				F9C8BE44289A0F650006B4E1 /* BrowseView.swift in Sources */,
				F95CFA57289B74DC002AB219 /* ImageManager.swift in Sources */,
				F9C8BE48289A18280006B4E1 /* Garment.swift in Sources */,
				F9C22C1C289634C900DFB3FC /* ToolbarView.swift in Sources */,
				F953C67E289B681B0004F723 /* ShoppingBagView.swift in Sources */,
				F9C8BE46289A17570006B4E1 /* NewGarmentView.swift in Sources */,
				F950CF192894310B00B73A65 /* something_borrowedApp.swift in Sources */,
				F99CEDA7289C55FF007A8543 /* GarmentManager.swift in Sources */,
			);
			runOnlyForDeploymentPostprocessing = 0;
		};
/* End PBXSourcesBuildPhase section */

/* Begin XCBuildConfiguration section */
		F950CF212894310F00B73A65 /* Debug */ = {
			isa = XCBuildConfiguration;
			buildSettings = {
				ALWAYS_SEARCH_USER_PATHS = NO;
				CLANG_ANALYZER_NONNULL = YES;
				CLANG_ANALYZER_NUMBER_OBJECT_CONVERSION = YES_AGGRESSIVE;
				CLANG_CXX_LANGUAGE_STANDARD = "gnu++17";
				CLANG_ENABLE_MODULES = YES;
				CLANG_ENABLE_OBJC_ARC = YES;
				CLANG_ENABLE_OBJC_WEAK = YES;
				CLANG_WARN_BLOCK_CAPTURE_AUTORELEASING = YES;
				CLANG_WARN_BOOL_CONVERSION = YES;
				CLANG_WARN_COMMA = YES;
				CLANG_WARN_CONSTANT_CONVERSION = YES;
				CLANG_WARN_DEPRECATED_OBJC_IMPLEMENTATIONS = YES;
				CLANG_WARN_DIRECT_OBJC_ISA_USAGE = YES_ERROR;
				CLANG_WARN_DOCUMENTATION_COMMENTS = YES;
				CLANG_WARN_EMPTY_BODY = YES;
				CLANG_WARN_ENUM_CONVERSION = YES;
				CLANG_WARN_INFINITE_RECURSION = YES;
				CLANG_WARN_INT_CONVERSION = YES;
				CLANG_WARN_NON_LITERAL_NULL_CONVERSION = YES;
				CLANG_WARN_OBJC_IMPLICIT_RETAIN_SELF = YES;
				CLANG_WARN_OBJC_LITERAL_CONVERSION = YES;
				CLANG_WARN_OBJC_ROOT_CLASS = YES_ERROR;
				CLANG_WARN_QUOTED_INCLUDE_IN_FRAMEWORK_HEADER = YES;
				CLANG_WARN_RANGE_LOOP_ANALYSIS = YES;
				CLANG_WARN_STRICT_PROTOTYPES = YES;
				CLANG_WARN_SUSPICIOUS_MOVE = YES;
				CLANG_WARN_UNGUARDED_AVAILABILITY = YES_AGGRESSIVE;
				CLANG_WARN_UNREACHABLE_CODE = YES;
				CLANG_WARN__DUPLICATE_METHOD_MATCH = YES;
				COPY_PHASE_STRIP = NO;
				DEBUG_INFORMATION_FORMAT = dwarf;
				ENABLE_STRICT_OBJC_MSGSEND = YES;
				ENABLE_TESTABILITY = YES;
				GCC_C_LANGUAGE_STANDARD = gnu11;
				GCC_DYNAMIC_NO_PIC = NO;
				GCC_NO_COMMON_BLOCKS = YES;
				GCC_OPTIMIZATION_LEVEL = 0;
				GCC_PREPROCESSOR_DEFINITIONS = (
					"DEBUG=1",
					"$(inherited)",
				);
				GCC_WARN_64_TO_32_BIT_CONVERSION = YES;
				GCC_WARN_ABOUT_RETURN_TYPE = YES_ERROR;
				GCC_WARN_UNDECLARED_SELECTOR = YES;
				GCC_WARN_UNINITIALIZED_AUTOS = YES_AGGRESSIVE;
				GCC_WARN_UNUSED_FUNCTION = YES;
				GCC_WARN_UNUSED_VARIABLE = YES;
				IPHONEOS_DEPLOYMENT_TARGET = 15.5;
				MTL_ENABLE_DEBUG_INFO = INCLUDE_SOURCE;
				MTL_FAST_MATH = YES;
				ONLY_ACTIVE_ARCH = YES;
				SDKROOT = iphoneos;
				SWIFT_ACTIVE_COMPILATION_CONDITIONS = DEBUG;
				SWIFT_OPTIMIZATION_LEVEL = "-Onone";
			};
			name = Debug;
		};
		F950CF222894310F00B73A65 /* Release */ = {
			isa = XCBuildConfiguration;
			buildSettings = {
				ALWAYS_SEARCH_USER_PATHS = NO;
				CLANG_ANALYZER_NONNULL = YES;
				CLANG_ANALYZER_NUMBER_OBJECT_CONVERSION = YES_AGGRESSIVE;
				CLANG_CXX_LANGUAGE_STANDARD = "gnu++17";
				CLANG_ENABLE_MODULES = YES;
				CLANG_ENABLE_OBJC_ARC = YES;
				CLANG_ENABLE_OBJC_WEAK = YES;
				CLANG_WARN_BLOCK_CAPTURE_AUTORELEASING = YES;
				CLANG_WARN_BOOL_CONVERSION = YES;
				CLANG_WARN_COMMA = YES;
				CLANG_WARN_CONSTANT_CONVERSION = YES;
				CLANG_WARN_DEPRECATED_OBJC_IMPLEMENTATIONS = YES;
				CLANG_WARN_DIRECT_OBJC_ISA_USAGE = YES_ERROR;
				CLANG_WARN_DOCUMENTATION_COMMENTS = YES;
				CLANG_WARN_EMPTY_BODY = YES;
				CLANG_WARN_ENUM_CONVERSION = YES;
				CLANG_WARN_INFINITE_RECURSION = YES;
				CLANG_WARN_INT_CONVERSION = YES;
				CLANG_WARN_NON_LITERAL_NULL_CONVERSION = YES;
				CLANG_WARN_OBJC_IMPLICIT_RETAIN_SELF = YES;
				CLANG_WARN_OBJC_LITERAL_CONVERSION = YES;
				CLANG_WARN_OBJC_ROOT_CLASS = YES_ERROR;
				CLANG_WARN_QUOTED_INCLUDE_IN_FRAMEWORK_HEADER = YES;
				CLANG_WARN_RANGE_LOOP_ANALYSIS = YES;
				CLANG_WARN_STRICT_PROTOTYPES = YES;
				CLANG_WARN_SUSPICIOUS_MOVE = YES;
				CLANG_WARN_UNGUARDED_AVAILABILITY = YES_AGGRESSIVE;
				CLANG_WARN_UNREACHABLE_CODE = YES;
				CLANG_WARN__DUPLICATE_METHOD_MATCH = YES;
				COPY_PHASE_STRIP = NO;
				DEBUG_INFORMATION_FORMAT = "dwarf-with-dsym";
				ENABLE_NS_ASSERTIONS = NO;
				ENABLE_STRICT_OBJC_MSGSEND = YES;
				GCC_C_LANGUAGE_STANDARD = gnu11;
				GCC_NO_COMMON_BLOCKS = YES;
				GCC_WARN_64_TO_32_BIT_CONVERSION = YES;
				GCC_WARN_ABOUT_RETURN_TYPE = YES_ERROR;
				GCC_WARN_UNDECLARED_SELECTOR = YES;
				GCC_WARN_UNINITIALIZED_AUTOS = YES_AGGRESSIVE;
				GCC_WARN_UNUSED_FUNCTION = YES;
				GCC_WARN_UNUSED_VARIABLE = YES;
				IPHONEOS_DEPLOYMENT_TARGET = 15.5;
				MTL_ENABLE_DEBUG_INFO = NO;
				MTL_FAST_MATH = YES;
				SDKROOT = iphoneos;
				SWIFT_COMPILATION_MODE = wholemodule;
				SWIFT_OPTIMIZATION_LEVEL = "-O";
				VALIDATE_PRODUCT = YES;
			};
			name = Release;
		};
		F950CF242894310F00B73A65 /* Debug */ = {
			isa = XCBuildConfiguration;
			buildSettings = {
				ASSETCATALOG_COMPILER_APPICON_NAME = AppIcon;
				ASSETCATALOG_COMPILER_GLOBAL_ACCENT_COLOR_NAME = AccentColor;
				CODE_SIGN_STYLE = Automatic;
				CURRENT_PROJECT_VERSION = 1;
				DEVELOPMENT_ASSET_PATHS = "\"something-borrowed/Preview Content\"";
				DEVELOPMENT_TEAM = 5L3YTNCV2T;
				ENABLE_PREVIEWS = YES;
				GENERATE_INFOPLIST_FILE = YES;
				INFOPLIST_KEY_UIApplicationSceneManifest_Generation = YES;
				INFOPLIST_KEY_UIApplicationSupportsIndirectInputEvents = YES;
				INFOPLIST_KEY_UILaunchScreen_Generation = YES;
				INFOPLIST_KEY_UISupportedInterfaceOrientations = UIInterfaceOrientationPortrait;
				INFOPLIST_KEY_UISupportedInterfaceOrientations_iPad = "UIInterfaceOrientationPortrait UIInterfaceOrientationPortraitUpsideDown UIInterfaceOrientationLandscapeLeft UIInterfaceOrientationLandscapeRight";
				INFOPLIST_KEY_UISupportedInterfaceOrientations_iPhone = "UIInterfaceOrientationPortrait UIInterfaceOrientationLandscapeLeft UIInterfaceOrientationLandscapeRight";
				INFOPLIST_KEY_UIUserInterfaceStyle = Light;
				LD_RUNPATH_SEARCH_PATHS = (
					"$(inherited)",
					"@executable_path/Frameworks",
				);
				MARKETING_VERSION = 1.0;
				PRODUCT_BUNDLE_IDENTIFIER = "com.example.tiffinihyatt.something-borrowed";
				PRODUCT_NAME = "$(TARGET_NAME)";
				SWIFT_EMIT_LOC_STRINGS = YES;
				SWIFT_VERSION = 5.0;
				TARGETED_DEVICE_FAMILY = 1;
			};
			name = Debug;
		};
		F950CF252894310F00B73A65 /* Release */ = {
			isa = XCBuildConfiguration;
			buildSettings = {
				ASSETCATALOG_COMPILER_APPICON_NAME = AppIcon;
				ASSETCATALOG_COMPILER_GLOBAL_ACCENT_COLOR_NAME = AccentColor;
				CODE_SIGN_STYLE = Automatic;
				CURRENT_PROJECT_VERSION = 1;
				DEVELOPMENT_ASSET_PATHS = "\"something-borrowed/Preview Content\"";
				DEVELOPMENT_TEAM = 5L3YTNCV2T;
				ENABLE_PREVIEWS = YES;
				GENERATE_INFOPLIST_FILE = YES;
				INFOPLIST_KEY_UIApplicationSceneManifest_Generation = YES;
				INFOPLIST_KEY_UIApplicationSupportsIndirectInputEvents = YES;
				INFOPLIST_KEY_UILaunchScreen_Generation = YES;
				INFOPLIST_KEY_UISupportedInterfaceOrientations = UIInterfaceOrientationPortrait;
				INFOPLIST_KEY_UISupportedInterfaceOrientations_iPad = "UIInterfaceOrientationPortrait UIInterfaceOrientationPortraitUpsideDown UIInterfaceOrientationLandscapeLeft UIInterfaceOrientationLandscapeRight";
				INFOPLIST_KEY_UISupportedInterfaceOrientations_iPhone = "UIInterfaceOrientationPortrait UIInterfaceOrientationLandscapeLeft UIInterfaceOrientationLandscapeRight";
				INFOPLIST_KEY_UIUserInterfaceStyle = Light;
				LD_RUNPATH_SEARCH_PATHS = (
					"$(inherited)",
					"@executable_path/Frameworks",
				);
				MARKETING_VERSION = 1.0;
				PRODUCT_BUNDLE_IDENTIFIER = "com.example.tiffinihyatt.something-borrowed";
				PRODUCT_NAME = "$(TARGET_NAME)";
				SWIFT_EMIT_LOC_STRINGS = YES;
				SWIFT_VERSION = 5.0;
				TARGETED_DEVICE_FAMILY = 1;
			};
			name = Release;
		};
/* End XCBuildConfiguration section */

/* Begin XCConfigurationList section */
		F950CF102894310B00B73A65 /* Build configuration list for PBXProject "something-borrowed" */ = {
			isa = XCConfigurationList;
			buildConfigurations = (
				F950CF212894310F00B73A65 /* Debug */,
				F950CF222894310F00B73A65 /* Release */,
			);
			defaultConfigurationIsVisible = 0;
			defaultConfigurationName = Release;
		};
		F950CF232894310F00B73A65 /* Build configuration list for PBXNativeTarget "something-borrowed" */ = {
			isa = XCConfigurationList;
			buildConfigurations = (
				F950CF242894310F00B73A65 /* Debug */,
				F950CF252894310F00B73A65 /* Release */,
			);
			defaultConfigurationIsVisible = 0;
			defaultConfigurationName = Release;
		};
/* End XCConfigurationList section */

/* Begin XCRemoteSwiftPackageReference section */
		F92AEC0128A80D7C00971F54 /* XCRemoteSwiftPackageReference "amplify-ios" */ = {
			isa = XCRemoteSwiftPackageReference;
			repositoryURL = "https://github.com/aws-amplify/amplify-ios";
			requirement = {
				branch = main;
				kind = branch;
			};
		};
/* End XCRemoteSwiftPackageReference section */

/* Begin XCSwiftPackageProductDependency section */
		F92AEC0228A80D7C00971F54 /* AWSCognitoAuthPlugin */ = {
			isa = XCSwiftPackageProductDependency;
			package = F92AEC0128A80D7C00971F54 /* XCRemoteSwiftPackageReference "amplify-ios" */;
			productName = AWSCognitoAuthPlugin;
		};
		F92AEC0428A80D7C00971F54 /* AWSS3StoragePlugin */ = {
			isa = XCSwiftPackageProductDependency;
			package = F92AEC0128A80D7C00971F54 /* XCRemoteSwiftPackageReference "amplify-ios" */;
			productName = AWSS3StoragePlugin;
		};
		F92AEC0628A80D7C00971F54 /* Amplify */ = {
			isa = XCSwiftPackageProductDependency;
			package = F92AEC0128A80D7C00971F54 /* XCRemoteSwiftPackageReference "amplify-ios" */;
			productName = Amplify;
		};
/* End XCSwiftPackageProductDependency section */
	};
	rootObject = F950CF0D2894310B00B73A65 /* Project object */;
}
